
Microsoft Visual Studio Solution File, Format Version 12.00
# Visual Studio Version 16
VisualStudioVersion = 16.0.29905.134
MinimumVisualStudioVersion = 10.0.40219.1
Project("{FAE04EC0-301F-11D3-BF4B-00C04F79EFBC}") = "DBServer", "DBServer.csproj", "{A6223DE3-733B-48B9-87C0-B738C9DD475C}"
EndProject
Global
	GlobalSection(SolutionConfigurationPlatforms) = preSolution
		Debug|Any CPU = Debug|Any CPU
		Release|Any CPU = Release|Any CPU
	EndGlobalSection
	GlobalSection(ProjectConfigurationPlatforms) = postSolution
		{A6223DE3-733B-48B9-87C0-B738C9DD475C}.Debug|Any CPU.ActiveCfg = Debug|Any CPU
		{A6223DE3-733B-48B9-87C0-B738C9DD475C}.Debug|Any CPU.Build.0 = Debug|Any CPU
		{A6223DE3-733B-48B9-87C0-B738C9DD475C}.Release|Any CPU.ActiveCfg = Release|Any CPU
		{A6223DE3-733B-48B9-87C0-B738C9DD475C}.Release|Any CPU.Build.0 = Release|Any CPU
	EndGlobalSection
	GlobalSection(SolutionProperties) = preSolution
		HideSolutionNode = FALSE
	EndGlobalSection
	GlobalSection(ExtensibilityGlobals) = postSolution
		SolutionGuid = {03703D37-91FF-44EA-A4DC-191A60344D8A}
	EndGlobalSection
EndGlobal
